{
	"name": "@pledger/mini-captp",
	"version": "0.1.0",
	"lockfileVersion": 1,
	"requires": true,
	"dependencies": {
		"@agoric/eventual-send": {
			"version": "0.4.0",
			"resolved": "https://registry.npmjs.org/@agoric/eventual-send/-/eventual-send-0.4.0.tgz",
			"integrity": "sha512-uiy1VMT+iuWI/8bYGNkDkKaQx5zVeJRFrzzS/MzLrGqvCtUC0Kq1KG0ZwV3zLMkmY7BcqheJTZEpRhQi0YI1yg=="
		},
		"@agoric/harden": {
			"version": "0.0.4",
			"resolved": "https://registry.npmjs.org/@agoric/harden/-/harden-0.0.4.tgz",
			"integrity": "sha512-WvTw2otvchy3mScAvqQcX0l6049xp6cF17/Pw0PNNqUTJtOo/84tE9OyBSjEp8wn/XBNArPaJuRjMhQpIQ775Q==",
			"requires": {
				"@agoric/make-hardener": "0.0.4"
			}
		},
		"@agoric/make-hardener": {
			"version": "0.0.4",
			"resolved": "https://registry.npmjs.org/@agoric/make-hardener/-/make-hardener-0.0.4.tgz",
			"integrity": "sha512-0k/wGkIVQO3IY7p/H/5OS3BIXsRK9Qb7nHnqyvj6hzvSyumwgPp8e4rz5QaVWSen43TGJl+zQn4mW9ZZShT1aw=="
		},
		"@agoric/marshal": {
			"version": "0.1.1",
			"resolved": "https://registry.npmjs.org/@agoric/marshal/-/marshal-0.1.1.tgz",
			"integrity": "sha512-V3m477O3L6CwYgf6PhSI7tXT436kS1oLcAneWyjOHrAD4ZbG5BfQ57/LCAMY8ujxLMsuY9aH3gfNGYTMOeJvXg==",
			"requires": {
				"@agoric/harden": "0.0.4",
				"@agoric/nat": "^2.0.1"
			}
		},
		"@agoric/nat": {
			"version": "2.0.1",
			"resolved": "https://registry.npmjs.org/@agoric/nat/-/nat-2.0.1.tgz",
			"integrity": "sha512-puvWkoaJovQib/YaSRSGJ8Kn9rogi/yyaVa3d5znSZb5WiYfUiEKW35BfexHhAdi0VfPz2anFHoRBoBSUIijNA=="
		}
	}
}
